
Microsoft Visual Studio Solution File, Format Version 12.00
# Visual Studio Version 17
VisualStudioVersion = 17.11.35312.102
MinimumVisualStudioVersion = 10.0.40219.1
Project("{FAE04EC0-301F-11D3-BF4B-00C04F79EFBC}") = "4Assignment1", "4Assignment1\4Assignment1.csproj", "{FF9DF15D-07F0-4F2E-89DD-3B073CFF58AD}"
EndProject
Global
	GlobalSection(SolutionConfigurationPlatforms) = preSolution
		Debug|Any CPU = Debug|Any CPU
		Release|Any CPU = Release|Any CPU
	EndGlobalSection
	GlobalSection(ProjectConfigurationPlatforms) = postSolution
		{FF9DF15D-07F0-4F2E-89DD-3B073CFF58AD}.Debug|Any CPU.ActiveCfg = Debug|Any CPU
		{FF9DF15D-07F0-4F2E-89DD-3B073CFF58AD}.Debug|Any CPU.Build.0 = Debug|Any CPU
		{FF9DF15D-07F0-4F2E-89DD-3B073CFF58AD}.Release|Any CPU.ActiveCfg = Release|Any CPU
		{FF9DF15D-07F0-4F2E-89DD-3B073CFF58AD}.Release|Any CPU.Build.0 = Release|Any CPU
	EndGlobalSection
	GlobalSection(SolutionProperties) = preSolution
		HideSolutionNode = FALSE
	EndGlobalSection
	GlobalSection(ExtensibilityGlobals) = postSolution
		SolutionGuid = {F4CF2AEC-16EA-4546-BA0E-446B6904BAB5}
	EndGlobalSection
EndGlobal
